<?xml version="1.0" encoding="utf-8"?>
<Project ToolsVersion="4.0" xmlns="http://schemas.microsoft.com/developer/msbuild/2003">
  <ItemGroup>
    <Filter Include="Resource Files">
      <UniqueIdentifier>{67DA6AB6-F800-4c08-8B7A-83BB121AAD01}</UniqueIdentifier>
      <Extensions>rc;ico;cur;bmp;dlg;rc2;rct;bin;rgs;gif;jpg;jpeg;jpe;resx;tiff;tif;png;wav;mfcribbon-ms</Extensions>
    </Filter>
    <Filter Include="Driver Files">
      <UniqueIdentifier>{8E41214B-6785-4CFE-B992-037D68949A14}</UniqueIdentifier>
      <Extensions>inf;inv;inx;mof;mc;</Extensions>
    </Filter>
    <Filter Include="Main">
      <UniqueIdentifier>{4FC737F1-C7A5-4376-A066-2A32D752A2FF}</UniqueIdentifier>
      <Extensions>cpp;c;cc;cxx;def;odl;idl;hpj;bat;asm;asmx</Extensions>
    </Filter>
    <Filter Include="ksocket">
      <UniqueIdentifier>{75c9cdb7-2c7c-44ed-88b0-727a0ac84b16}</UniqueIdentifier>
    </Filter>
    <Filter Include="Main\process">
      <UniqueIdentifier>{e9eede3e-171f-4572-a1c5-4fb49d48671b}</UniqueIdentifier>
    </Filter>
  </ItemGroup>
  <ItemGroup>
    <Inf Include="delve.inf">
      <Filter>Driver Files</Filter>
    </Inf>
  </ItemGroup>
  <ItemGroup>
    <ClCompile Include="ksocket\ksocket.c">
      <Filter>ksocket</Filter>
    </ClCompile>
    <ClCompile Include="ksocket\berkeley.c">
      <Filter>ksocket</Filter>
    </ClCompile>
    <ClCompile Include="server.cpp">
      <Filter>Main</Filter>
    </ClCompile>
    <ClCompile Include="log.cpp">
      <Filter>Main</Filter>
    </ClCompile>
    <ClCompile Include="main.cpp">
      <Filter>Main</Filter>
    </ClCompile>
    <ClCompile Include="packet_handler.cpp">
      <Filter>Main</Filter>
    </ClCompile>
    <ClCompile Include="memory\vad_routines.cpp">
      <Filter>Main</Filter>
    </ClCompile>
    <ClCompile Include="memory\memory.cpp">
      <Filter>Main</Filter>
    </ClCompile>
    <ClCompile Include="memory\pattern.cpp">
      <Filter>Main</Filter>
    </ClCompile>
  </ItemGroup>
  <ItemGroup>
    <ClInclude Include="log.h">
      <Filter>Main</Filter>
    </ClInclude>
    <ClInclude Include="ksocket\berkeley.h">
      <Filter>ksocket</Filter>
    </ClInclude>
    <ClInclude Include="ksocket\ksocket.h">
      <Filter>ksocket</Filter>
    </ClInclude>
    <ClInclude Include="server_shared.h">
      <Filter>Main</Filter>
    </ClInclude>
    <ClInclude Include="stdint.h">
      <Filter>Main</Filter>
    </ClInclude>
    <ClInclude Include="socket.h">
      <Filter>Main</Filter>
    </ClInclude>
    <ClInclude Include="imports.h">
      <Filter>Main</Filter>
    </ClInclude>
    <ClInclude Include="process\process.h">
      <Filter>Main\process</Filter>
    </ClInclude>
    <ClInclude Include="memory\undoc_structs.h" />
    <ClInclude Include="memory\vad_routines.h" />
    <ClInclude Include="memory\memory.hpp" />
    <ClInclude Include="memory\pattern.hpp" />
    <ClInclude Include="memory\nt.hpp" />
    <ClInclude Include="memory\rwmemory.hpp" />
  </ItemGroup>
</Project>